Microsoft Visual Studio Solution File, Format Version 12.00
# Visual Studio Version 17
VisualStudioVersion = 17.5.2.0
MinimumVisualStudioVersion = 10.0.40219.1
Project("{FAE04EC0-301F-11D3-BF4B-00C04F79EFBC}") = "cadastro-paciente", "cadastro-paciente.csproj", "{E3291842-B936-3C14-E607-1E148C261C34}"
EndProject
Global
	GlobalSection(SolutionConfigurationPlatforms) = preSolution
		Debug|Any CPU = Debug|Any CPU
		Release|Any CPU = Release|Any CPU
	EndGlobalSection
	GlobalSection(ProjectConfigurationPlatforms) = postSolution
		{E3291842-B936-3C14-E607-1E148C261C34}.Debug|Any CPU.ActiveCfg = Debug|Any CPU
		{E3291842-B936-3C14-E607-1E148C261C34}.Debug|Any CPU.Build.0 = Debug|Any CPU
		{E3291842-B936-3C14-E607-1E148C261C34}.Release|Any CPU.ActiveCfg = Release|Any CPU
		{E3291842-B936-3C14-E607-1E148C261C34}.Release|Any CPU.Build.0 = Release|Any CPU
	EndGlobalSection
	GlobalSection(SolutionProperties) = preSolution
		HideSolutionNode = FALSE
	EndGlobalSection
	GlobalSection(ExtensibilityGlobals) = postSolution
		SolutionGuid = {BF6FBFF7-70DE-480C-81E5-84322DC02920}
	EndGlobalSection
EndGlobal
